
Microsoft Visual Studio Solution File, Format Version 12.00
Project("{FAE04EC0-301F-11D3-BF4B-00C04F79EFBC}") = "Lab07_AndreGonzales", "Lab07_AndreGonzales\Lab07_AndreGonzales.csproj", "{5C30BFA1-2A96-4247-B98D-B0BA460CBB95}"
EndProject
Global
	GlobalSection(SolutionConfigurationPlatforms) = preSolution
		Debug|Any CPU = Debug|Any CPU
		Release|Any CPU = Release|Any CPU
	EndGlobalSection
	GlobalSection(ProjectConfigurationPlatforms) = postSolution
		{5C30BFA1-2A96-4247-B98D-B0BA460CBB95}.Debug|Any CPU.ActiveCfg = Debug|Any CPU
		{5C30BFA1-2A96-4247-B98D-B0BA460CBB95}.Debug|Any CPU.Build.0 = Debug|Any CPU
		{5C30BFA1-2A96-4247-B98D-B0BA460CBB95}.Release|Any CPU.ActiveCfg = Release|Any CPU
		{5C30BFA1-2A96-4247-B98D-B0BA460CBB95}.Release|Any CPU.Build.0 = Release|Any CPU
	EndGlobalSection
EndGlobal
